
Microsoft Visual Studio Solution File, Format Version 12.00
# Visual Studio Version 16
VisualStudioVersion = 16.0.29905.134
MinimumVisualStudioVersion = 10.0.40219.1
Project("{9A19103F-16F7-4668-BE54-9A1E7A4F7556}") = "Gatino.Tests", "Gatino.Tests\Gatino.Tests.csproj", "{FF63754D-9978-4717-B0DC-D16DB441E469}"
EndProject
Project("{9A19103F-16F7-4668-BE54-9A1E7A4F7556}") = "Gatino.Web", "Gatino.Web\Gatino.Web.csproj", "{8462D72A-19C7-44CF-83C8-4454DB57CCFF}"
EndProject
Global
	GlobalSection(SolutionConfigurationPlatforms) = preSolution
		Debug|Any CPU = Debug|Any CPU
		Release|Any CPU = Release|Any CPU
	EndGlobalSection
	GlobalSection(ProjectConfigurationPlatforms) = postSolution
		{FF63754D-9978-4717-B0DC-D16DB441E469}.Debug|Any CPU.ActiveCfg = Debug|Any CPU
		{FF63754D-9978-4717-B0DC-D16DB441E469}.Debug|Any CPU.Build.0 = Debug|Any CPU
		{FF63754D-9978-4717-B0DC-D16DB441E469}.Release|Any CPU.ActiveCfg = Release|Any CPU
		{FF63754D-9978-4717-B0DC-D16DB441E469}.Release|Any CPU.Build.0 = Release|Any CPU
		{8462D72A-19C7-44CF-83C8-4454DB57CCFF}.Debug|Any CPU.ActiveCfg = Debug|Any CPU
		{8462D72A-19C7-44CF-83C8-4454DB57CCFF}.Debug|Any CPU.Build.0 = Debug|Any CPU
		{8462D72A-19C7-44CF-83C8-4454DB57CCFF}.Release|Any CPU.ActiveCfg = Release|Any CPU
		{8462D72A-19C7-44CF-83C8-4454DB57CCFF}.Release|Any CPU.Build.0 = Release|Any CPU
	EndGlobalSection
	GlobalSection(SolutionProperties) = preSolution
		HideSolutionNode = FALSE
	EndGlobalSection
	GlobalSection(ExtensibilityGlobals) = postSolution
		SolutionGuid = {2DBBC2A5-62C8-4D3C-BA0E-4B7FFA082F27}
	EndGlobalSection
EndGlobal
